
Microsoft Visual Studio Solution File, Format Version 12.00
# Visual Studio 15
VisualStudioVersion = 15.0.27130.2036
MinimumVisualStudioVersion = 10.0.40219.1
Project("{FAE04EC0-301F-11D3-BF4B-00C04F79EFBC}") = "Answers", "Answers\Answers.csproj", "{0D7CD79E-8A03-428C-BC58-3278CF62BF1C}"
EndProject
Project("{FAE04EC0-301F-11D3-BF4B-00C04F79EFBC}") = "playround", "playround\playround.csproj", "{99CBD607-3F14-4D99-A323-A7BB85024E18}"
EndProject
Global
	GlobalSection(SolutionConfigurationPlatforms) = preSolution
		Debug|Any CPU = Debug|Any CPU
		Release|Any CPU = Release|Any CPU
	EndGlobalSection
	GlobalSection(ProjectConfigurationPlatforms) = postSolution
		{0D7CD79E-8A03-428C-BC58-3278CF62BF1C}.Debug|Any CPU.ActiveCfg = Debug|Any CPU
		{0D7CD79E-8A03-428C-BC58-3278CF62BF1C}.Debug|Any CPU.Build.0 = Debug|Any CPU
		{0D7CD79E-8A03-428C-BC58-3278CF62BF1C}.Release|Any CPU.ActiveCfg = Release|Any CPU
		{0D7CD79E-8A03-428C-BC58-3278CF62BF1C}.Release|Any CPU.Build.0 = Release|Any CPU
		{99CBD607-3F14-4D99-A323-A7BB85024E18}.Debug|Any CPU.ActiveCfg = Debug|Any CPU
		{99CBD607-3F14-4D99-A323-A7BB85024E18}.Debug|Any CPU.Build.0 = Debug|Any CPU
		{99CBD607-3F14-4D99-A323-A7BB85024E18}.Release|Any CPU.ActiveCfg = Release|Any CPU
		{99CBD607-3F14-4D99-A323-A7BB85024E18}.Release|Any CPU.Build.0 = Release|Any CPU
	EndGlobalSection
	GlobalSection(SolutionProperties) = preSolution
		HideSolutionNode = FALSE
	EndGlobalSection
	GlobalSection(ExtensibilityGlobals) = postSolution
		SolutionGuid = {E36B3870-A0A8-4087-97BD-7E9593AC2F54}
	EndGlobalSection
EndGlobal
